// !$*UTF8*$!
{
	archiveVersion = 1;
	classes = {
	};
	objectVersion = 55;
	objects = {

/* Begin PBXBuildFile section */
		78254BE6279AD397009820DA /* ArticleDetailView.swift in Sources */ = {isa = PBXBuildFile; fileRef = 78254BE5279AD397009820DA /* ArticleDetailView.swift */; };
		78254BE8279AE67E009820DA /* TextfieldModifier.swift in Sources */ = {isa = PBXBuildFile; fileRef = 78254BE7279AE67E009820DA /* TextfieldModifier.swift */; };
		788C73A2279AC01D0078E685 /* CoreDataBasicsApp.swift in Sources */ = {isa = PBXBuildFile; fileRef = 788C73A1279AC01D0078E685 /* CoreDataBasicsApp.swift */; };
		788C73A6279AC01E0078E685 /* Assets.xcassets in Resources */ = {isa = PBXBuildFile; fileRef = 788C73A5279AC01E0078E685 /* Assets.xcassets */; };
		788C73B5279AC9590078E685 /* ArticlesView.swift in Sources */ = {isa = PBXBuildFile; fileRef = 788C73B4279AC9590078E685 /* ArticlesView.swift */; };
		788C73B9279AC96A0078E685 /* EditArticleView.swift in Sources */ = {isa = PBXBuildFile; fileRef = 788C73B8279AC96A0078E685 /* EditArticleView.swift */; };
		788C73C7279ACB520078E685 /* Article.swift in Sources */ = {isa = PBXBuildFile; fileRef = 788C73C6279ACB520078E685 /* Article.swift */; };
		788C73CA279ACBE80078E685 /* ArticleCardView.swift in Sources */ = {isa = PBXBuildFile; fileRef = 788C73C9279ACBE80078E685 /* ArticleCardView.swift */; };
		788C73CD279ACCC60078E685 /* Date+Extensions.swift in Sources */ = {isa = PBXBuildFile; fileRef = 788C73CC279ACCC60078E685 /* Date+Extensions.swift */; };
		788C73D1279ACFEC0078E685 /* ImagePickerContainerView.swift in Sources */ = {isa = PBXBuildFile; fileRef = 788C73CF279ACFEC0078E685 /* ImagePickerContainerView.swift */; };
		788C73D2279ACFEC0078E685 /* ImagePicker.swift in Sources */ = {isa = PBXBuildFile; fileRef = 788C73D0279ACFEC0078E685 /* ImagePicker.swift */; };
		788C73EF279AD2480078E685 /* Preview Assets.xcassets in Resources */ = {isa = PBXBuildFile; fileRef = 788C73EE279AD2480078E685 /* Preview Assets.xcassets */; };
/* End PBXBuildFile section */

/* Begin PBXFileReference section */
		78254BE5279AD397009820DA /* ArticleDetailView.swift */ = {isa = PBXFileReference; lastKnownFileType = sourcecode.swift; path = ArticleDetailView.swift; sourceTree = "<group>"; };
		78254BE7279AE67E009820DA /* TextfieldModifier.swift */ = {isa = PBXFileReference; lastKnownFileType = sourcecode.swift; path = TextfieldModifier.swift; sourceTree = "<group>"; };
		788C739E279AC01D0078E685 /* CoreDataBasics.app */ = {isa = PBXFileReference; explicitFileType = wrapper.application; includeInIndex = 0; path = CoreDataBasics.app; sourceTree = BUILT_PRODUCTS_DIR; };
		788C73A1279AC01D0078E685 /* CoreDataBasicsApp.swift */ = {isa = PBXFileReference; lastKnownFileType = sourcecode.swift; path = CoreDataBasicsApp.swift; sourceTree = "<group>"; };
		788C73A5279AC01E0078E685 /* Assets.xcassets */ = {isa = PBXFileReference; lastKnownFileType = folder.assetcatalog; path = Assets.xcassets; sourceTree = "<group>"; };
		788C73B4279AC9590078E685 /* ArticlesView.swift */ = {isa = PBXFileReference; lastKnownFileType = sourcecode.swift; path = ArticlesView.swift; sourceTree = "<group>"; };
		788C73B8279AC96A0078E685 /* EditArticleView.swift */ = {isa = PBXFileReference; lastKnownFileType = sourcecode.swift; path = EditArticleView.swift; sourceTree = "<group>"; };
		788C73C6279ACB520078E685 /* Article.swift */ = {isa = PBXFileReference; lastKnownFileType = sourcecode.swift; path = Article.swift; sourceTree = "<group>"; };
		788C73C9279ACBE80078E685 /* ArticleCardView.swift */ = {isa = PBXFileReference; lastKnownFileType = sourcecode.swift; path = ArticleCardView.swift; sourceTree = "<group>"; };
		788C73CC279ACCC60078E685 /* Date+Extensions.swift */ = {isa = PBXFileReference; fileEncoding = 4; lastKnownFileType = sourcecode.swift; path = "Date+Extensions.swift"; sourceTree = "<group>"; };
		788C73CF279ACFEC0078E685 /* ImagePickerContainerView.swift */ = {isa = PBXFileReference; fileEncoding = 4; lastKnownFileType = sourcecode.swift; path = ImagePickerContainerView.swift; sourceTree = "<group>"; };
		788C73D0279ACFEC0078E685 /* ImagePicker.swift */ = {isa = PBXFileReference; fileEncoding = 4; lastKnownFileType = sourcecode.swift; path = ImagePicker.swift; sourceTree = "<group>"; };
		788C73EE279AD2480078E685 /* Preview Assets.xcassets */ = {isa = PBXFileReference; lastKnownFileType = folder.assetcatalog; path = "Preview Assets.xcassets"; sourceTree = "<group>"; };
/* End PBXFileReference section */

/* Begin PBXFrameworksBuildPhase section */
		788C739B279AC01D0078E685 /* Frameworks */ = {
			isa = PBXFrameworksBuildPhase;
			buildActionMask = 2147483647;
			files = (
			);
			runOnlyForDeploymentPostprocessing = 0;
		};
/* End PBXFrameworksBuildPhase section */

/* Begin PBXGroup section */
		78254BE9279AE682009820DA /* Modifiers */ = {
			isa = PBXGroup;
			children = (
				78254BE7279AE67E009820DA /* TextfieldModifier.swift */,
			);
			path = Modifiers;
			sourceTree = "<group>";
		};
		788C7395279AC01D0078E685 = {
			isa = PBXGroup;
			children = (
				788C73A0279AC01D0078E685 /* CoreDataBasics */,
				788C739F279AC01D0078E685 /* Products */,
			);
			sourceTree = "<group>";
		};
		788C739F279AC01D0078E685 /* Products */ = {
			isa = PBXGroup;
			children = (
				788C739E279AC01D0078E685 /* CoreDataBasics.app */,
			);
			name = Products;
			sourceTree = "<group>";
		};
		788C73A0279AC01D0078E685 /* CoreDataBasics */ = {
			isa = PBXGroup;
			children = (
				78254BE9279AE682009820DA /* Modifiers */,
				788C73CE279ACFE40078E685 /* ImagePicker */,
				788C73CB279ACCB20078E685 /* Extensions */,
				788C73C8279ACBD60078E685 /* Views */,
				788C73B3279AC90F0078E685 /* Screens */,
				788C73AF279AC8C90078E685 /* Models */,
				788C73A1279AC01D0078E685 /* CoreDataBasicsApp.swift */,
				788C73A5279AC01E0078E685 /* Assets.xcassets */,
				788C73ED279AD2480078E685 /* Preview Content */,
			);
			path = CoreDataBasics;
			sourceTree = "<group>";
		};
		788C73AF279AC8C90078E685 /* Models */ = {
			isa = PBXGroup;
			children = (
				788C73C6279ACB520078E685 /* Article.swift */,
			);
			path = Models;
			sourceTree = "<group>";
		};
		788C73B3279AC90F0078E685 /* Screens */ = {
			isa = PBXGroup;
			children = (
				788C73B8279AC96A0078E685 /* EditArticleView.swift */,
				788C73B4279AC9590078E685 /* ArticlesView.swift */,
				78254BE5279AD397009820DA /* ArticleDetailView.swift */,
			);
			path = Screens;
			sourceTree = "<group>";
		};
		788C73C8279ACBD60078E685 /* Views */ = {
			isa = PBXGroup;
			children = (
				788C73C9279ACBE80078E685 /* ArticleCardView.swift */,
			);
			path = Views;
			sourceTree = "<group>";
		};
		788C73CB279ACCB20078E685 /* Extensions */ = {
			isa = PBXGroup;
			children = (
				788C73CC279ACCC60078E685 /* Date+Extensions.swift */,
			);
			path = Extensions;
			sourceTree = "<group>";
		};
		788C73CE279ACFE40078E685 /* ImagePicker */ = {
			isa = PBXGroup;
			children = (
				788C73D0279ACFEC0078E685 /* ImagePicker.swift */,
				788C73CF279ACFEC0078E685 /* ImagePickerContainerView.swift */,
			);
			path = ImagePicker;
			sourceTree = "<group>";
		};
		788C73ED279AD2480078E685 /* Preview Content */ = {
			isa = PBXGroup;
			children = (
				788C73EE279AD2480078E685 /* Preview Assets.xcassets */,
			);
			path = "Preview Content";
			sourceTree = "<group>";
		};
/* End PBXGroup section */

/* Begin PBXNativeTarget section */
		788C739D279AC01D0078E685 /* CoreDataBasics */ = {
			isa = PBXNativeTarget;
			buildConfigurationList = 788C73AC279AC01E0078E685 /* Build configuration list for PBXNativeTarget "CoreDataBasics" */;
			buildPhases = (
				788C739A279AC01D0078E685 /* Sources */,
				788C739B279AC01D0078E685 /* Frameworks */,
				788C739C279AC01D0078E685 /* Resources */,
			);
			buildRules = (
			);
			dependencies = (
			);
			name = CoreDataBasics;
			productName = CoreDataBasics;
			productReference = 788C739E279AC01D0078E685 /* CoreDataBasics.app */;
			productType = "com.apple.product-type.application";
		};
/* End PBXNativeTarget section */

/* Begin PBXProject section */
		788C7396279AC01D0078E685 /* Project object */ = {
			isa = PBXProject;
			attributes = {
				BuildIndependentTargetsInParallel = 1;
				LastSwiftUpdateCheck = 1320;
				LastUpgradeCheck = 1320;
				TargetAttributes = {
					788C739D279AC01D0078E685 = {
						CreatedOnToolsVersion = 13.2;
					};
				};
			};
			buildConfigurationList = 788C7399279AC01D0078E685 /* Build configuration list for PBXProject "CoreDataBasics" */;
			compatibilityVersion = "Xcode 13.0";
			developmentRegion = en;
			hasScannedForEncodings = 0;
			knownRegions = (
				en,
				Base,
			);
			mainGroup = 788C7395279AC01D0078E685;
			productRefGroup = 788C739F279AC01D0078E685 /* Products */;
			projectDirPath = "";
			projectRoot = "";
			targets = (
				788C739D279AC01D0078E685 /* CoreDataBasics */,
			);
		};
/* End PBXProject section */

/* Begin PBXResourcesBuildPhase section */
		788C739C279AC01D0078E685 /* Resources */ = {
			isa = PBXResourcesBuildPhase;
			buildActionMask = 2147483647;
			files = (
				788C73EF279AD2480078E685 /* Preview Assets.xcassets in Resources */,
				788C73A6279AC01E0078E685 /* Assets.xcassets in Resources */,
			);
			runOnlyForDeploymentPostprocessing = 0;
		};
/* End PBXResourcesBuildPhase section */

/* Begin PBXSourcesBuildPhase section */
		788C739A279AC01D0078E685 /* Sources */ = {
			isa = PBXSourcesBuildPhase;
			buildActionMask = 2147483647;
			files = (
				788C73D1279ACFEC0078E685 /* ImagePickerContainerView.swift in Sources */,
				788C73B5279AC9590078E685 /* ArticlesView.swift in Sources */,
				788C73CD279ACCC60078E685 /* Date+Extensions.swift in Sources */,
				788C73D2279ACFEC0078E685 /* ImagePicker.swift in Sources */,
				788C73C7279ACB520078E685 /* Article.swift in Sources */,
				788C73CA279ACBE80078E685 /* ArticleCardView.swift in Sources */,
				78254BE6279AD397009820DA /* ArticleDetailView.swift in Sources */,
				788C73B9279AC96A0078E685 /* EditArticleView.swift in Sources */,
				78254BE8279AE67E009820DA /* TextfieldModifier.swift in Sources */,
				788C73A2279AC01D0078E685 /* CoreDataBasicsApp.swift in Sources */,
			);
			runOnlyForDeploymentPostprocessing = 0;
		};
/* End PBXSourcesBuildPhase section */

/* Begin XCBuildConfiguration section */
		788C73AA279AC01E0078E685 /* Debug */ = {
			isa = XCBuildConfiguration;
			buildSettings = {
				ALWAYS_SEARCH_USER_PATHS = NO;
				CLANG_ANALYZER_NONNULL = YES;
				CLANG_ANALYZER_NUMBER_OBJECT_CONVERSION = YES_AGGRESSIVE;
				CLANG_CXX_LANGUAGE_STANDARD = "gnu++17";
				CLANG_CXX_LIBRARY = "libc++";
				CLANG_ENABLE_MODULES = YES;
				CLANG_ENABLE_OBJC_ARC = YES;
				CLANG_ENABLE_OBJC_WEAK = YES;
				CLANG_WARN_BLOCK_CAPTURE_AUTORELEASING = YES;
				CLANG_WARN_BOOL_CONVERSION = YES;
				CLANG_WARN_COMMA = YES;
				CLANG_WARN_CONSTANT_CONVERSION = YES;
				CLANG_WARN_DEPRECATED_OBJC_IMPLEMENTATIONS = YES;
				CLANG_WARN_DIRECT_OBJC_ISA_USAGE = YES_ERROR;
				CLANG_WARN_DOCUMENTATION_COMMENTS = YES;
				CLANG_WARN_EMPTY_BODY = YES;
				CLANG_WARN_ENUM_CONVERSION = YES;
				CLANG_WARN_INFINITE_RECURSION = YES;
				CLANG_WARN_INT_CONVERSION = YES;
				CLANG_WARN_NON_LITERAL_NULL_CONVERSION = YES;
				CLANG_WARN_OBJC_IMPLICIT_RETAIN_SELF = YES;
				CLANG_WARN_OBJC_LITERAL_CONVERSION = YES;
				CLANG_WARN_OBJC_ROOT_CLASS = YES_ERROR;
				CLANG_WARN_QUOTED_INCLUDE_IN_FRAMEWORK_HEADER = YES;
				CLANG_WARN_RANGE_LOOP_ANALYSIS = YES;
				CLANG_WARN_STRICT_PROTOTYPES = YES;
				CLANG_WARN_SUSPICIOUS_MOVE = YES;
				CLANG_WARN_UNGUARDED_AVAILABILITY = YES_AGGRESSIVE;
				CLANG_WARN_UNREACHABLE_CODE = YES;
				CLANG_WARN__DUPLICATE_METHOD_MATCH = YES;
				COPY_PHASE_STRIP = NO;
				DEBUG_INFORMATION_FORMAT = dwarf;
				ENABLE_STRICT_OBJC_MSGSEND = YES;
				ENABLE_TESTABILITY = YES;
				GCC_C_LANGUAGE_STANDARD = gnu11;
				GCC_DYNAMIC_NO_PIC = NO;
				GCC_NO_COMMON_BLOCKS = YES;
				GCC_OPTIMIZATION_LEVEL = 0;
				GCC_PREPROCESSOR_DEFINITIONS = (
					"DEBUG=1",
					"$(inherited)",
				);
				GCC_WARN_64_TO_32_BIT_CONVERSION = YES;
				GCC_WARN_ABOUT_RETURN_TYPE = YES_ERROR;
				GCC_WARN_UNDECLARED_SELECTOR = YES;
				GCC_WARN_UNINITIALIZED_AUTOS = YES_AGGRESSIVE;
				GCC_WARN_UNUSED_FUNCTION = YES;
				GCC_WARN_UNUSED_VARIABLE = YES;
				IPHONEOS_DEPLOYMENT_TARGET = 15.2;
				MTL_ENABLE_DEBUG_INFO = INCLUDE_SOURCE;
				MTL_FAST_MATH = YES;
				ONLY_ACTIVE_ARCH = YES;
				SDKROOT = iphoneos;
				SWIFT_ACTIVE_COMPILATION_CONDITIONS = DEBUG;
				SWIFT_OPTIMIZATION_LEVEL = "-Onone";
			};
			name = Debug;
		};
		788C73AB279AC01E0078E685 /* Release */ = {
			isa = XCBuildConfiguration;
			buildSettings = {
				ALWAYS_SEARCH_USER_PATHS = NO;
				CLANG_ANALYZER_NONNULL = YES;
				CLANG_ANALYZER_NUMBER_OBJECT_CONVERSION = YES_AGGRESSIVE;
				CLANG_CXX_LANGUAGE_STANDARD = "gnu++17";
				CLANG_CXX_LIBRARY = "libc++";
				CLANG_ENABLE_MODULES = YES;
				CLANG_ENABLE_OBJC_ARC = YES;
				CLANG_ENABLE_OBJC_WEAK = YES;
				CLANG_WARN_BLOCK_CAPTURE_AUTORELEASING = YES;
				CLANG_WARN_BOOL_CONVERSION = YES;
				CLANG_WARN_COMMA = YES;
				CLANG_WARN_CONSTANT_CONVERSION = YES;
				CLANG_WARN_DEPRECATED_OBJC_IMPLEMENTATIONS = YES;
				CLANG_WARN_DIRECT_OBJC_ISA_USAGE = YES_ERROR;
				CLANG_WARN_DOCUMENTATION_COMMENTS = YES;
				CLANG_WARN_EMPTY_BODY = YES;
				CLANG_WARN_ENUM_CONVERSION = YES;
				CLANG_WARN_INFINITE_RECURSION = YES;
				CLANG_WARN_INT_CONVERSION = YES;
				CLANG_WARN_NON_LITERAL_NULL_CONVERSION = YES;
				CLANG_WARN_OBJC_IMPLICIT_RETAIN_SELF = YES;
				CLANG_WARN_OBJC_LITERAL_CONVERSION = YES;
				CLANG_WARN_OBJC_ROOT_CLASS = YES_ERROR;
				CLANG_WARN_QUOTED_INCLUDE_IN_FRAMEWORK_HEADER = YES;
				CLANG_WARN_RANGE_LOOP_ANALYSIS = YES;
				CLANG_WARN_STRICT_PROTOTYPES = YES;
				CLANG_WARN_SUSPICIOUS_MOVE = YES;
				CLANG_WARN_UNGUARDED_AVAILABILITY = YES_AGGRESSIVE;
				CLANG_WARN_UNREACHABLE_CODE = YES;
				CLANG_WARN__DUPLICATE_METHOD_MATCH = YES;
				COPY_PHASE_STRIP = NO;
				DEBUG_INFORMATION_FORMAT = "dwarf-with-dsym";
				ENABLE_NS_ASSERTIONS = NO;
				ENABLE_STRICT_OBJC_MSGSEND = YES;
				GCC_C_LANGUAGE_STANDARD = gnu11;
				GCC_NO_COMMON_BLOCKS = YES;
				GCC_WARN_64_TO_32_BIT_CONVERSION = YES;
				GCC_WARN_ABOUT_RETURN_TYPE = YES_ERROR;
				GCC_WARN_UNDECLARED_SELECTOR = YES;
				GCC_WARN_UNINITIALIZED_AUTOS = YES_AGGRESSIVE;
				GCC_WARN_UNUSED_FUNCTION = YES;
				GCC_WARN_UNUSED_VARIABLE = YES;
				IPHONEOS_DEPLOYMENT_TARGET = 15.2;
				MTL_ENABLE_DEBUG_INFO = NO;
				MTL_FAST_MATH = YES;
				SDKROOT = iphoneos;
				SWIFT_COMPILATION_MODE = wholemodule;
				SWIFT_OPTIMIZATION_LEVEL = "-O";
				VALIDATE_PRODUCT = YES;
			};
			name = Release;
		};
		788C73AD279AC01E0078E685 /* Debug */ = {
			isa = XCBuildConfiguration;
			buildSettings = {
				ASSETCATALOG_COMPILER_APPICON_NAME = AppIcon;
				ASSETCATALOG_COMPILER_GLOBAL_ACCENT_COLOR_NAME = AccentColor;
				CODE_SIGN_STYLE = Automatic;
				CURRENT_PROJECT_VERSION = 1;
				DEVELOPMENT_ASSET_PATHS = "\"CoreDataBasics/Preview Content\"";
				DEVELOPMENT_TEAM = KF26866D8J;
				ENABLE_PREVIEWS = YES;
				GENERATE_INFOPLIST_FILE = YES;
				INFOPLIST_KEY_UIApplicationSceneManifest_Generation = YES;
				INFOPLIST_KEY_UIApplicationSupportsIndirectInputEvents = YES;
				INFOPLIST_KEY_UILaunchScreen_Generation = YES;
				INFOPLIST_KEY_UISupportedInterfaceOrientations_iPad = "UIInterfaceOrientationPortrait UIInterfaceOrientationPortraitUpsideDown UIInterfaceOrientationLandscapeLeft UIInterfaceOrientationLandscapeRight";
				INFOPLIST_KEY_UISupportedInterfaceOrientations_iPhone = "UIInterfaceOrientationPortrait UIInterfaceOrientationLandscapeLeft UIInterfaceOrientationLandscapeRight";
				LD_RUNPATH_SEARCH_PATHS = (
					"$(inherited)",
					"@executable_path/Frameworks",
				);
				MARKETING_VERSION = 1.0;
				PRODUCT_BUNDLE_IDENTIFIER = com.karelbusta.CoreDataBasics;
				PRODUCT_NAME = "$(TARGET_NAME)";
				SWIFT_EMIT_LOC_STRINGS = YES;
				SWIFT_VERSION = 5.0;
				TARGETED_DEVICE_FAMILY = "1,2";
			};
			name = Debug;
		};
		788C73AE279AC01E0078E685 /* Release */ = {
			isa = XCBuildConfiguration;
			buildSettings = {
				ASSETCATALOG_COMPILER_APPICON_NAME = AppIcon;
				ASSETCATALOG_COMPILER_GLOBAL_ACCENT_COLOR_NAME = AccentColor;
				CODE_SIGN_STYLE = Automatic;
				CURRENT_PROJECT_VERSION = 1;
				DEVELOPMENT_ASSET_PATHS = "\"CoreDataBasics/Preview Content\"";
				DEVELOPMENT_TEAM = KF26866D8J;
				ENABLE_PREVIEWS = YES;
				GENERATE_INFOPLIST_FILE = YES;
				INFOPLIST_KEY_UIApplicationSceneManifest_Generation = YES;
				INFOPLIST_KEY_UIApplicationSupportsIndirectInputEvents = YES;
				INFOPLIST_KEY_UILaunchScreen_Generation = YES;
				INFOPLIST_KEY_UISupportedInterfaceOrientations_iPad = "UIInterfaceOrientationPortrait UIInterfaceOrientationPortraitUpsideDown UIInterfaceOrientationLandscapeLeft UIInterfaceOrientationLandscapeRight";
				INFOPLIST_KEY_UISupportedInterfaceOrientations_iPhone = "UIInterfaceOrientationPortrait UIInterfaceOrientationLandscapeLeft UIInterfaceOrientationLandscapeRight";
				LD_RUNPATH_SEARCH_PATHS = (
					"$(inherited)",
					"@executable_path/Frameworks",
				);
				MARKETING_VERSION = 1.0;
				PRODUCT_BUNDLE_IDENTIFIER = com.karelbusta.CoreDataBasics;
				PRODUCT_NAME = "$(TARGET_NAME)";
				SWIFT_EMIT_LOC_STRINGS = YES;
				SWIFT_VERSION = 5.0;
				TARGETED_DEVICE_FAMILY = "1,2";
			};
			name = Release;
		};
/* End XCBuildConfiguration section */

/* Begin XCConfigurationList section */
		788C7399279AC01D0078E685 /* Build configuration list for PBXProject "CoreDataBasics" */ = {
			isa = XCConfigurationList;
			buildConfigurations = (
				788C73AA279AC01E0078E685 /* Debug */,
				788C73AB279AC01E0078E685 /* Release */,
			);
			defaultConfigurationIsVisible = 0;
			defaultConfigurationName = Release;
		};
		788C73AC279AC01E0078E685 /* Build configuration list for PBXNativeTarget "CoreDataBasics" */ = {
			isa = XCConfigurationList;
			buildConfigurations = (
				788C73AD279AC01E0078E685 /* Debug */,
				788C73AE279AC01E0078E685 /* Release */,
			);
			defaultConfigurationIsVisible = 0;
			defaultConfigurationName = Release;
		};
/* End XCConfigurationList section */
	};
	rootObject = 788C7396279AC01D0078E685 /* Project object */;
}
